
Microsoft Visual Studio Solution File, Format Version 12.00
# Visual Studio Version 16
VisualStudioVersion = 16.0.31729.503
MinimumVisualStudioVersion = 10.0.40219.1
Project("{FAE04EC0-301F-11D3-BF4B-00C04F79EFBC}") = "visualization2", "visualization2.csproj", "{375E9784-1FCD-4CE8-AB3E-85CBF72E6363}"
EndProject
Global
	GlobalSection(SolutionConfigurationPlatforms) = preSolution
		Debug|Any CPU = Debug|Any CPU
		Release|Any CPU = Release|Any CPU
	EndGlobalSection
	GlobalSection(ProjectConfigurationPlatforms) = postSolution
		{375E9784-1FCD-4CE8-AB3E-85CBF72E6363}.Debug|Any CPU.ActiveCfg = Debug|Any CPU
		{375E9784-1FCD-4CE8-AB3E-85CBF72E6363}.Debug|Any CPU.Build.0 = Debug|Any CPU
		{375E9784-1FCD-4CE8-AB3E-85CBF72E6363}.Release|Any CPU.ActiveCfg = Release|Any CPU
		{375E9784-1FCD-4CE8-AB3E-85CBF72E6363}.Release|Any CPU.Build.0 = Release|Any CPU
	EndGlobalSection
	GlobalSection(SolutionProperties) = preSolution
		HideSolutionNode = FALSE
	EndGlobalSection
	GlobalSection(ExtensibilityGlobals) = postSolution
		SolutionGuid = {87402386-E169-4481-B068-29F8B256A7E4}
	EndGlobalSection
EndGlobal
