
Microsoft Visual Studio Solution File, Format Version 12.00
# Visual Studio Version 16
VisualStudioVersion = 16.0.31729.503
MinimumVisualStudioVersion = 10.0.40219.1
Project("{FAE04EC0-301F-11D3-BF4B-00C04F79EFBC}") = "VisV2", "VisV2.csproj", "{D08F2E30-3E4D-44E2-B605-0BE68B3AFBDC}"
EndProject
Global
	GlobalSection(SolutionConfigurationPlatforms) = preSolution
		Debug|Any CPU = Debug|Any CPU
		Release|Any CPU = Release|Any CPU
	EndGlobalSection
	GlobalSection(ProjectConfigurationPlatforms) = postSolution
		{D08F2E30-3E4D-44E2-B605-0BE68B3AFBDC}.Debug|Any CPU.ActiveCfg = Debug|Any CPU
		{D08F2E30-3E4D-44E2-B605-0BE68B3AFBDC}.Debug|Any CPU.Build.0 = Debug|Any CPU
		{D08F2E30-3E4D-44E2-B605-0BE68B3AFBDC}.Release|Any CPU.ActiveCfg = Release|Any CPU
		{D08F2E30-3E4D-44E2-B605-0BE68B3AFBDC}.Release|Any CPU.Build.0 = Release|Any CPU
	EndGlobalSection
	GlobalSection(SolutionProperties) = preSolution
		HideSolutionNode = FALSE
	EndGlobalSection
	GlobalSection(ExtensibilityGlobals) = postSolution
		SolutionGuid = {6364AAB9-F4CB-4DF0-B922-2054FAE7B7F7}
	EndGlobalSection
EndGlobal
