
Microsoft Visual Studio Solution File, Format Version 12.00
# Visual Studio Version 16
VisualStudioVersion = 16.0.29905.134
MinimumVisualStudioVersion = 10.0.40219.1
Project("{FAE04EC0-301F-11D3-BF4B-00C04F79EFBC}") = "TCP", "WindowsFormsApp2\TCP.csproj", "{27B4012A-C74C-46F0-9609-07954394CBC6}"
EndProject
Project("{FAE04EC0-301F-11D3-BF4B-00C04F79EFBC}") = "Client", "Client\Client.csproj", "{8EBDE494-BEEE-4543-A5E7-D0A76A9ABF9C}"
EndProject
Global
	GlobalSection(SolutionConfigurationPlatforms) = preSolution
		Debug|Any CPU = Debug|Any CPU
		Release|Any CPU = Release|Any CPU
	EndGlobalSection
	GlobalSection(ProjectConfigurationPlatforms) = postSolution
		{27B4012A-C74C-46F0-9609-07954394CBC6}.Debug|Any CPU.ActiveCfg = Debug|Any CPU
		{27B4012A-C74C-46F0-9609-07954394CBC6}.Debug|Any CPU.Build.0 = Debug|Any CPU
		{27B4012A-C74C-46F0-9609-07954394CBC6}.Release|Any CPU.ActiveCfg = Release|Any CPU
		{27B4012A-C74C-46F0-9609-07954394CBC6}.Release|Any CPU.Build.0 = Release|Any CPU
		{8EBDE494-BEEE-4543-A5E7-D0A76A9ABF9C}.Debug|Any CPU.ActiveCfg = Debug|Any CPU
		{8EBDE494-BEEE-4543-A5E7-D0A76A9ABF9C}.Debug|Any CPU.Build.0 = Debug|Any CPU
		{8EBDE494-BEEE-4543-A5E7-D0A76A9ABF9C}.Release|Any CPU.ActiveCfg = Release|Any CPU
		{8EBDE494-BEEE-4543-A5E7-D0A76A9ABF9C}.Release|Any CPU.Build.0 = Release|Any CPU
	EndGlobalSection
	GlobalSection(SolutionProperties) = preSolution
		HideSolutionNode = FALSE
	EndGlobalSection
	GlobalSection(ExtensibilityGlobals) = postSolution
		SolutionGuid = {9079BF07-AE2D-4690-BF84-5CDFBCD86A1D}
	EndGlobalSection
EndGlobal
